
Microsoft Visual Studio Solution File, Format Version 12.00
# Visual Studio 14
VisualStudioVersion = 14.0.25420.1
MinimumVisualStudioVersion = 10.0.40219.1
Project("{8BC9CEB8-8B4A-11D0-8D11-00A0C91BC942}") = "HelloOpenGL", "HelloOpenGL\HelloOpenGL.vcxproj", "{0842218D-F08E-4F08-8D44-147F7BD24926}"
EndProject
Project("{8BC9CEB8-8B4A-11D0-8D11-00A0C91BC942}") = "DrawTriangle", "DrawTriangle\DrawTriangle.vcxproj", "{768CBA95-0340-4E20-8DC1-268DDEF10145}"
EndProject
Project("{8BC9CEB8-8B4A-11D0-8D11-00A0C91BC942}") = "HelloTexture", "HelloTexture\HelloTexture.vcxproj", "{70691BA6-59C0-4B39-A496-8B61D2F0C93F}"
EndProject
Project("{8BC9CEB8-8B4A-11D0-8D11-00A0C91BC942}") = "HelloTransform", "HelloTransform\HelloTransform.vcxproj", "{A77D2D05-3720-4A85-AEDD-066F3390B3CE}"
EndProject
Project("{8BC9CEB8-8B4A-11D0-8D11-00A0C91BC942}") = "HelloCoordiante", "HelloCoordiante\HelloCoordiante.vcxproj", "{4DB1FED2-D5FE-4722-B365-0D90F8880851}"
EndProject
Project("{8BC9CEB8-8B4A-11D0-8D11-00A0C91BC942}") = "HelloCamera", "HelloCamera\HelloCamera.vcxproj", "{FE53BD01-10A3-4EC0-B7CA-C756B3E4A018}"
EndProject
Project("{2150E333-8FDC-42A3-9474-1A3956D46DE8}") = "Solution Items", "Solution Items", "{F02303EF-0626-4055-9968-5213E3F30AA0}"
EndProject
Project("{8BC9CEB8-8B4A-11D0-8D11-00A0C91BC942}") = "OpenglBlend", "OpenglBlend\OpenglBlend.vcxproj", "{EDBF1C78-4F4F-455F-8E43-A392856A858A}"
EndProject
Project("{8BC9CEB8-8B4A-11D0-8D11-00A0C91BC942}") = "HelloColor", "HelloColor\HelloColor.vcxproj", "{B5EE07D5-0A9C-4829-BCD1-46CA22662AEA}"
EndProject
Project("{8BC9CEB8-8B4A-11D0-8D11-00A0C91BC942}") = "DrawTrianglePitches", "DrawTrianglePitches\DrawTrianglePitches.vcxproj", "{EF4AD889-C19F-4A98-99A2-62A87E92FFD0}"
EndProject
Global
	GlobalSection(SolutionConfigurationPlatforms) = preSolution
		Debug|x64 = Debug|x64
		Debug|x86 = Debug|x86
		Release|x64 = Release|x64
		Release|x86 = Release|x86
	EndGlobalSection
	GlobalSection(ProjectConfigurationPlatforms) = postSolution
		{0842218D-F08E-4F08-8D44-147F7BD24926}.Debug|x64.ActiveCfg = Debug|x64
		{0842218D-F08E-4F08-8D44-147F7BD24926}.Debug|x64.Build.0 = Debug|x64
		{0842218D-F08E-4F08-8D44-147F7BD24926}.Debug|x86.ActiveCfg = Debug|Win32
		{0842218D-F08E-4F08-8D44-147F7BD24926}.Debug|x86.Build.0 = Debug|Win32
		{0842218D-F08E-4F08-8D44-147F7BD24926}.Release|x64.ActiveCfg = Release|x64
		{0842218D-F08E-4F08-8D44-147F7BD24926}.Release|x64.Build.0 = Release|x64
		{0842218D-F08E-4F08-8D44-147F7BD24926}.Release|x86.ActiveCfg = Release|Win32
		{0842218D-F08E-4F08-8D44-147F7BD24926}.Release|x86.Build.0 = Release|Win32
		{768CBA95-0340-4E20-8DC1-268DDEF10145}.Debug|x64.ActiveCfg = Debug|x64
		{768CBA95-0340-4E20-8DC1-268DDEF10145}.Debug|x64.Build.0 = Debug|x64
		{768CBA95-0340-4E20-8DC1-268DDEF10145}.Debug|x86.ActiveCfg = Debug|Win32
		{768CBA95-0340-4E20-8DC1-268DDEF10145}.Debug|x86.Build.0 = Debug|Win32
		{768CBA95-0340-4E20-8DC1-268DDEF10145}.Release|x64.ActiveCfg = Release|x64
		{768CBA95-0340-4E20-8DC1-268DDEF10145}.Release|x64.Build.0 = Release|x64
		{768CBA95-0340-4E20-8DC1-268DDEF10145}.Release|x86.ActiveCfg = Release|Win32
		{768CBA95-0340-4E20-8DC1-268DDEF10145}.Release|x86.Build.0 = Release|Win32
		{70691BA6-59C0-4B39-A496-8B61D2F0C93F}.Debug|x64.ActiveCfg = Debug|x64
		{70691BA6-59C0-4B39-A496-8B61D2F0C93F}.Debug|x64.Build.0 = Debug|x64
		{70691BA6-59C0-4B39-A496-8B61D2F0C93F}.Debug|x86.ActiveCfg = Debug|Win32
		{70691BA6-59C0-4B39-A496-8B61D2F0C93F}.Debug|x86.Build.0 = Debug|Win32
		{70691BA6-59C0-4B39-A496-8B61D2F0C93F}.Release|x64.ActiveCfg = Release|x64
		{70691BA6-59C0-4B39-A496-8B61D2F0C93F}.Release|x64.Build.0 = Release|x64
		{70691BA6-59C0-4B39-A496-8B61D2F0C93F}.Release|x86.ActiveCfg = Release|Win32
		{70691BA6-59C0-4B39-A496-8B61D2F0C93F}.Release|x86.Build.0 = Release|Win32
		{A77D2D05-3720-4A85-AEDD-066F3390B3CE}.Debug|x64.ActiveCfg = Debug|x64
		{A77D2D05-3720-4A85-AEDD-066F3390B3CE}.Debug|x64.Build.0 = Debug|x64
		{A77D2D05-3720-4A85-AEDD-066F3390B3CE}.Debug|x86.ActiveCfg = Debug|Win32
		{A77D2D05-3720-4A85-AEDD-066F3390B3CE}.Debug|x86.Build.0 = Debug|Win32
		{A77D2D05-3720-4A85-AEDD-066F3390B3CE}.Release|x64.ActiveCfg = Release|x64
		{A77D2D05-3720-4A85-AEDD-066F3390B3CE}.Release|x64.Build.0 = Release|x64
		{A77D2D05-3720-4A85-AEDD-066F3390B3CE}.Release|x86.ActiveCfg = Release|Win32
		{A77D2D05-3720-4A85-AEDD-066F3390B3CE}.Release|x86.Build.0 = Release|Win32
		{4DB1FED2-D5FE-4722-B365-0D90F8880851}.Debug|x64.ActiveCfg = Debug|x64
		{4DB1FED2-D5FE-4722-B365-0D90F8880851}.Debug|x64.Build.0 = Debug|x64
		{4DB1FED2-D5FE-4722-B365-0D90F8880851}.Debug|x86.ActiveCfg = Debug|Win32
		{4DB1FED2-D5FE-4722-B365-0D90F8880851}.Debug|x86.Build.0 = Debug|Win32
		{4DB1FED2-D5FE-4722-B365-0D90F8880851}.Release|x64.ActiveCfg = Release|x64
		{4DB1FED2-D5FE-4722-B365-0D90F8880851}.Release|x64.Build.0 = Release|x64
		{4DB1FED2-D5FE-4722-B365-0D90F8880851}.Release|x86.ActiveCfg = Release|Win32
		{4DB1FED2-D5FE-4722-B365-0D90F8880851}.Release|x86.Build.0 = Release|Win32
		{FE53BD01-10A3-4EC0-B7CA-C756B3E4A018}.Debug|x64.ActiveCfg = Debug|x64
		{FE53BD01-10A3-4EC0-B7CA-C756B3E4A018}.Debug|x64.Build.0 = Debug|x64
		{FE53BD01-10A3-4EC0-B7CA-C756B3E4A018}.Debug|x86.ActiveCfg = Debug|Win32
		{FE53BD01-10A3-4EC0-B7CA-C756B3E4A018}.Debug|x86.Build.0 = Debug|Win32
		{FE53BD01-10A3-4EC0-B7CA-C756B3E4A018}.Release|x64.ActiveCfg = Release|x64
		{FE53BD01-10A3-4EC0-B7CA-C756B3E4A018}.Release|x64.Build.0 = Release|x64
		{FE53BD01-10A3-4EC0-B7CA-C756B3E4A018}.Release|x86.ActiveCfg = Release|Win32
		{FE53BD01-10A3-4EC0-B7CA-C756B3E4A018}.Release|x86.Build.0 = Release|Win32
		{EDBF1C78-4F4F-455F-8E43-A392856A858A}.Debug|x64.ActiveCfg = Debug|x64
		{EDBF1C78-4F4F-455F-8E43-A392856A858A}.Debug|x64.Build.0 = Debug|x64
		{EDBF1C78-4F4F-455F-8E43-A392856A858A}.Debug|x86.ActiveCfg = Debug|Win32
		{EDBF1C78-4F4F-455F-8E43-A392856A858A}.Debug|x86.Build.0 = Debug|Win32
		{EDBF1C78-4F4F-455F-8E43-A392856A858A}.Release|x64.ActiveCfg = Release|x64
		{EDBF1C78-4F4F-455F-8E43-A392856A858A}.Release|x64.Build.0 = Release|x64
		{EDBF1C78-4F4F-455F-8E43-A392856A858A}.Release|x86.ActiveCfg = Release|Win32
		{EDBF1C78-4F4F-455F-8E43-A392856A858A}.Release|x86.Build.0 = Release|Win32
		{B5EE07D5-0A9C-4829-BCD1-46CA22662AEA}.Debug|x64.ActiveCfg = Debug|x64
		{B5EE07D5-0A9C-4829-BCD1-46CA22662AEA}.Debug|x64.Build.0 = Debug|x64
		{B5EE07D5-0A9C-4829-BCD1-46CA22662AEA}.Debug|x86.ActiveCfg = Debug|Win32
		{B5EE07D5-0A9C-4829-BCD1-46CA22662AEA}.Debug|x86.Build.0 = Debug|Win32
		{B5EE07D5-0A9C-4829-BCD1-46CA22662AEA}.Release|x64.ActiveCfg = Release|x64
		{B5EE07D5-0A9C-4829-BCD1-46CA22662AEA}.Release|x64.Build.0 = Release|x64
		{B5EE07D5-0A9C-4829-BCD1-46CA22662AEA}.Release|x86.ActiveCfg = Release|Win32
		{B5EE07D5-0A9C-4829-BCD1-46CA22662AEA}.Release|x86.Build.0 = Release|Win32
		{EF4AD889-C19F-4A98-99A2-62A87E92FFD0}.Debug|x64.ActiveCfg = Debug|x64
		{EF4AD889-C19F-4A98-99A2-62A87E92FFD0}.Debug|x64.Build.0 = Debug|x64
		{EF4AD889-C19F-4A98-99A2-62A87E92FFD0}.Debug|x86.ActiveCfg = Debug|Win32
		{EF4AD889-C19F-4A98-99A2-62A87E92FFD0}.Debug|x86.Build.0 = Debug|Win32
		{EF4AD889-C19F-4A98-99A2-62A87E92FFD0}.Release|x64.ActiveCfg = Release|x64
		{EF4AD889-C19F-4A98-99A2-62A87E92FFD0}.Release|x64.Build.0 = Release|x64
		{EF4AD889-C19F-4A98-99A2-62A87E92FFD0}.Release|x86.ActiveCfg = Release|Win32
		{EF4AD889-C19F-4A98-99A2-62A87E92FFD0}.Release|x86.Build.0 = Release|Win32
	EndGlobalSection
	GlobalSection(SolutionProperties) = preSolution
		HideSolutionNode = FALSE
	EndGlobalSection
EndGlobal
